
Microsoft Visual Studio Solution File, Format Version 12.00
# Visual Studio 15
Project("{FAE04EC0-301F-11D3-BF4B-00C04F79EFBC}") = "Assembly-CSharp", "Assembly-CSharp.csproj", "{F36B1C55-9F94-3722-EE0C-31FAA0D0A742}"
EndProject
Global
	GlobalSection(SolutionConfigurationPlatforms) = preSolution
		Debug|Any CPU = Debug|Any CPU
		Release|Any CPU = Release|Any CPU
	EndGlobalSection
	GlobalSection(ProjectConfigurationPlatforms) = postSolution
		{F36B1C55-9F94-3722-EE0C-31FAA0D0A742}.Debug|Any CPU.ActiveCfg = Debug|Any CPU
		{F36B1C55-9F94-3722-EE0C-31FAA0D0A742}.Debug|Any CPU.Build.0 = Debug|Any CPU
		{F36B1C55-9F94-3722-EE0C-31FAA0D0A742}.Release|Any CPU.ActiveCfg = Release|Any CPU
		{F36B1C55-9F94-3722-EE0C-31FAA0D0A742}.Release|Any CPU.Build.0 = Release|Any CPU
	EndGlobalSection
	GlobalSection(SolutionProperties) = preSolution
		HideSolutionNode = FALSE
	EndGlobalSection
EndGlobal
